
Microsoft Visual Studio Solution File, Format Version 12.00
# Visual Studio Version 16
VisualStudioVersion = 16.0.30711.63
MinimumVisualStudioVersion = 10.0.40219.1
Project("{FAE04EC0-301F-11D3-BF4B-00C04F79EFBC}") = "VagDirLib", "VagDirLib\VagDirLib.csproj", "{808CED56-5316-4B75-8F16-E858F463312E}"
EndProject
Project("{FAE04EC0-301F-11D3-BF4B-00C04F79EFBC}") = "VagDirLibTest", "VagDirLibTest\VagDirLibTest.csproj", "{0F1042B7-CEC4-498B-B103-C171F6E636F4}"
EndProject
Project("{FAE04EC0-301F-11D3-BF4B-00C04F79EFBC}") = "JakAudioTool_cmd", "JakAudioTool_cmd\JakAudioTool_cmd.csproj", "{811E41D3-D8BF-4A50-83AF-4AD9947576CD}"
EndProject
Project("{FAE04EC0-301F-11D3-BF4B-00C04F79EFBC}") = "JakAudioTool_gui", "JakAudioTool_gui\JakAudioTool_gui.csproj", "{79237108-C8C5-4431-B6BA-E44454557AE3}"
EndProject
Global
	GlobalSection(SolutionConfigurationPlatforms) = preSolution
		Debug|Any CPU = Debug|Any CPU
		Release|Any CPU = Release|Any CPU
	EndGlobalSection
	GlobalSection(ProjectConfigurationPlatforms) = postSolution
		{808CED56-5316-4B75-8F16-E858F463312E}.Debug|Any CPU.ActiveCfg = Debug|Any CPU
		{808CED56-5316-4B75-8F16-E858F463312E}.Debug|Any CPU.Build.0 = Debug|Any CPU
		{808CED56-5316-4B75-8F16-E858F463312E}.Release|Any CPU.ActiveCfg = Release|Any CPU
		{808CED56-5316-4B75-8F16-E858F463312E}.Release|Any CPU.Build.0 = Release|Any CPU
		{0F1042B7-CEC4-498B-B103-C171F6E636F4}.Debug|Any CPU.ActiveCfg = Debug|Any CPU
		{0F1042B7-CEC4-498B-B103-C171F6E636F4}.Debug|Any CPU.Build.0 = Debug|Any CPU
		{0F1042B7-CEC4-498B-B103-C171F6E636F4}.Release|Any CPU.ActiveCfg = Release|Any CPU
		{0F1042B7-CEC4-498B-B103-C171F6E636F4}.Release|Any CPU.Build.0 = Release|Any CPU
		{811E41D3-D8BF-4A50-83AF-4AD9947576CD}.Debug|Any CPU.ActiveCfg = Debug|Any CPU
		{811E41D3-D8BF-4A50-83AF-4AD9947576CD}.Debug|Any CPU.Build.0 = Debug|Any CPU
		{811E41D3-D8BF-4A50-83AF-4AD9947576CD}.Release|Any CPU.ActiveCfg = Release|Any CPU
		{811E41D3-D8BF-4A50-83AF-4AD9947576CD}.Release|Any CPU.Build.0 = Release|Any CPU
		{79237108-C8C5-4431-B6BA-E44454557AE3}.Debug|Any CPU.ActiveCfg = Debug|Any CPU
		{79237108-C8C5-4431-B6BA-E44454557AE3}.Debug|Any CPU.Build.0 = Debug|Any CPU
		{79237108-C8C5-4431-B6BA-E44454557AE3}.Release|Any CPU.ActiveCfg = Release|Any CPU
		{79237108-C8C5-4431-B6BA-E44454557AE3}.Release|Any CPU.Build.0 = Release|Any CPU
	EndGlobalSection
	GlobalSection(SolutionProperties) = preSolution
		HideSolutionNode = FALSE
	EndGlobalSection
	GlobalSection(ExtensibilityGlobals) = postSolution
		SolutionGuid = {97C8FBBD-5CE3-4A1E-A134-672FF3271FE2}
	EndGlobalSection
EndGlobal
